
Microsoft Visual Studio Solution File, Format Version 12.00
# Visual Studio Version 17
VisualStudioVersion = 17.8.34330.188
MinimumVisualStudioVersion = 10.0.40219.1
Project("{FAE04EC0-301F-11D3-BF4B-00C04F79EFBC}") = "ReqnrollTestProject", "ReqnrollTestProject.csproj", "{391D6C0F-8BE3-4414-9216-B4D5088C0DB1}"
EndProject
Global
	GlobalSection(SolutionConfigurationPlatforms) = preSolution
		Debug|Any CPU = Debug|Any CPU
		Release|Any CPU = Release|Any CPU
	EndGlobalSection
	GlobalSection(ProjectConfigurationPlatforms) = postSolution
		{391D6C0F-8BE3-4414-9216-B4D5088C0DB1}.Debug|Any CPU.ActiveCfg = Debug|Any CPU
		{391D6C0F-8BE3-4414-9216-B4D5088C0DB1}.Debug|Any CPU.Build.0 = Debug|Any CPU
		{391D6C0F-8BE3-4414-9216-B4D5088C0DB1}.Release|Any CPU.ActiveCfg = Release|Any CPU
		{391D6C0F-8BE3-4414-9216-B4D5088C0DB1}.Release|Any CPU.Build.0 = Release|Any CPU
	EndGlobalSection
	GlobalSection(SolutionProperties) = preSolution
		HideSolutionNode = FALSE
	EndGlobalSection
	GlobalSection(ExtensibilityGlobals) = postSolution
		SolutionGuid = {B63ABEE3-5736-4F86-9CCC-3DCB8C2E93FA}
	EndGlobalSection
EndGlobal
